
Microsoft Visual Studio Solution File, Format Version 12.00
# Visual Studio Version 16
VisualStudioVersion = 16.0.31025.194
MinimumVisualStudioVersion = 10.0.40219.1
Project("{FAE04EC0-301F-11D3-BF4B-00C04F79EFBC}") = "HollowKnightDRPC", "HollowKnightDRPC\HollowKnightDRPC.csproj", "{7C9A5DC1-DD29-4103-BDCF-6A449820B1E4}"
EndProject
Project("{2150E333-8FDC-42A3-9474-1A3956D46DE8}") = "Solution Items", "Solution Items", "{AF028EA6-9372-4B64-AF51-30CEFB0C974D}"
	ProjectSection(SolutionItems) = preProject
		.gitignore = .gitignore
		LICENSE.md = LICENSE.md
		ModInstallerReadme.txt = ModInstallerReadme.txt
		README.md = README.md
		StatsRowValues.md = StatsRowValues.md
	EndProjectSection
EndProject
Global
	GlobalSection(SolutionConfigurationPlatforms) = preSolution
		Debug|Any CPU = Debug|Any CPU
		Debug|x64 = Debug|x64
		Debug|x86 = Debug|x86
		Release|Any CPU = Release|Any CPU
		Release|x64 = Release|x64
		Release|x86 = Release|x86
	EndGlobalSection
	GlobalSection(ProjectConfigurationPlatforms) = postSolution
		{7C9A5DC1-DD29-4103-BDCF-6A449820B1E4}.Debug|Any CPU.ActiveCfg = Debug|Any CPU
		{7C9A5DC1-DD29-4103-BDCF-6A449820B1E4}.Debug|Any CPU.Build.0 = Debug|Any CPU
		{7C9A5DC1-DD29-4103-BDCF-6A449820B1E4}.Debug|x64.ActiveCfg = Debug|Any CPU
		{7C9A5DC1-DD29-4103-BDCF-6A449820B1E4}.Debug|x64.Build.0 = Debug|Any CPU
		{7C9A5DC1-DD29-4103-BDCF-6A449820B1E4}.Debug|x86.ActiveCfg = Debug|Any CPU
		{7C9A5DC1-DD29-4103-BDCF-6A449820B1E4}.Debug|x86.Build.0 = Debug|Any CPU
		{7C9A5DC1-DD29-4103-BDCF-6A449820B1E4}.Release|Any CPU.ActiveCfg = Release|Any CPU
		{7C9A5DC1-DD29-4103-BDCF-6A449820B1E4}.Release|Any CPU.Build.0 = Release|Any CPU
		{7C9A5DC1-DD29-4103-BDCF-6A449820B1E4}.Release|x64.ActiveCfg = Release|Any CPU
		{7C9A5DC1-DD29-4103-BDCF-6A449820B1E4}.Release|x64.Build.0 = Release|Any CPU
		{7C9A5DC1-DD29-4103-BDCF-6A449820B1E4}.Release|x86.ActiveCfg = Release|Any CPU
		{7C9A5DC1-DD29-4103-BDCF-6A449820B1E4}.Release|x86.Build.0 = Release|Any CPU
	EndGlobalSection
	GlobalSection(SolutionProperties) = preSolution
		HideSolutionNode = FALSE
	EndGlobalSection
	GlobalSection(ExtensibilityGlobals) = postSolution
		SolutionGuid = {0F899EE2-6AD1-488A-9AB5-1FD8411DA90E}
	EndGlobalSection
EndGlobal
